{
    "_meta": {
        "hash": {
            "sha256": "9b4f227b33720616eb61549609bcece927c3d9c9a26d96205ce583a7c1276ca0"
        },
        "pipfile-spec": 6,
        "requires": {
            "python_version": "3.6"
        },
        "sources": [
            {
                "name": "pypi",
                "url": "https://pypi.org/simple",
                "verify_ssl": true
            }
        ]
    },
    "default": {
        "pad4pi": {
            "hashes": [
                "sha256:48f3da3b6c0afd2fddee6d97a17c19288be9378e662f03de3e9e2dd5136a07bd"
            ],
            "index": "pypi",
            "version": "==1.1.3"
        },
        "rpi.gpio": {
            "hashes": [
                "sha256:a5fc0eb5e401963b6c0a03650da6b42c4005f02d962b81241d96c98d0a578516"
            ],
            "version": "==0.6.3"
        }
    },
    "develop": {}
}
